
Microsoft Visual Studio Solution File, Format Version 12.00
# Visual Studio Version 17
VisualStudioVersion = 17.14.36623.8
MinimumVisualStudioVersion = 10.0.40219.1
Project("{FAE04EC0-301F-11D3-BF4B-00C04F79EFBC}") = "ContactDetailsManager", "ContactDetailsManager\ContactDetailsManager.csproj", "{258F9171-68E8-430E-A017-78A3886740A4}"
EndProject
Project("{FAE04EC0-301F-11D3-BF4B-00C04F79EFBC}") = "CDMTests", "CDMTests\CDMTests.csproj", "{4702EB74-77C0-49DB-A8DD-47C7758227D4}"
EndProject
Project("{FAE04EC0-301F-11D3-BF4B-00C04F79EFBC}") = "Entities", "Entities\Entities.csproj", "{5405CAF2-0728-448F-BD3C-9EEEA1F77E70}"
EndProject
Project("{FAE04EC0-301F-11D3-BF4B-00C04F79EFBC}") = "ServiceContracts", "ServiceContracts\ServiceContracts.csproj", "{9998062D-456A-43EB-886B-1F36FFFD4A22}"
EndProject
Project("{FAE04EC0-301F-11D3-BF4B-00C04F79EFBC}") = "Services", "Services\Services.csproj", "{CF6E2988-626B-4285-AB6A-F7787F01B2FF}"
EndProject
Project("{FAE04EC0-301F-11D3-BF4B-00C04F79EFBC}") = "RepositoryContarcts", "RepositoryContarcts\RepositoryContarcts.csproj", "{E24FA21B-5AA7-4D8E-9F2C-49E66ED57BF9}"
EndProject
Project("{FAE04EC0-301F-11D3-BF4B-00C04F79EFBC}") = "Respostiories", "Respostiories\Respostiories.csproj", "{C8C313C2-D621-4336-AD84-BD9FC66F7616}"
EndProject
Global
	GlobalSection(SolutionConfigurationPlatforms) = preSolution
		Debug|Any CPU = Debug|Any CPU
		Release|Any CPU = Release|Any CPU
	EndGlobalSection
	GlobalSection(ProjectConfigurationPlatforms) = postSolution
		{258F9171-68E8-430E-A017-78A3886740A4}.Debug|Any CPU.ActiveCfg = Debug|Any CPU
		{258F9171-68E8-430E-A017-78A3886740A4}.Debug|Any CPU.Build.0 = Debug|Any CPU
		{258F9171-68E8-430E-A017-78A3886740A4}.Release|Any CPU.ActiveCfg = Release|Any CPU
		{258F9171-68E8-430E-A017-78A3886740A4}.Release|Any CPU.Build.0 = Release|Any CPU
		{4702EB74-77C0-49DB-A8DD-47C7758227D4}.Debug|Any CPU.ActiveCfg = Debug|Any CPU
		{4702EB74-77C0-49DB-A8DD-47C7758227D4}.Debug|Any CPU.Build.0 = Debug|Any CPU
		{4702EB74-77C0-49DB-A8DD-47C7758227D4}.Release|Any CPU.ActiveCfg = Release|Any CPU
		{4702EB74-77C0-49DB-A8DD-47C7758227D4}.Release|Any CPU.Build.0 = Release|Any CPU
		{5405CAF2-0728-448F-BD3C-9EEEA1F77E70}.Debug|Any CPU.ActiveCfg = Debug|Any CPU
		{5405CAF2-0728-448F-BD3C-9EEEA1F77E70}.Debug|Any CPU.Build.0 = Debug|Any CPU
		{5405CAF2-0728-448F-BD3C-9EEEA1F77E70}.Release|Any CPU.ActiveCfg = Release|Any CPU
		{5405CAF2-0728-448F-BD3C-9EEEA1F77E70}.Release|Any CPU.Build.0 = Release|Any CPU
		{9998062D-456A-43EB-886B-1F36FFFD4A22}.Debug|Any CPU.ActiveCfg = Debug|Any CPU
		{9998062D-456A-43EB-886B-1F36FFFD4A22}.Debug|Any CPU.Build.0 = Debug|Any CPU
		{9998062D-456A-43EB-886B-1F36FFFD4A22}.Release|Any CPU.ActiveCfg = Release|Any CPU
		{9998062D-456A-43EB-886B-1F36FFFD4A22}.Release|Any CPU.Build.0 = Release|Any CPU
		{CF6E2988-626B-4285-AB6A-F7787F01B2FF}.Debug|Any CPU.ActiveCfg = Debug|Any CPU
		{CF6E2988-626B-4285-AB6A-F7787F01B2FF}.Debug|Any CPU.Build.0 = Debug|Any CPU
		{CF6E2988-626B-4285-AB6A-F7787F01B2FF}.Release|Any CPU.ActiveCfg = Release|Any CPU
		{CF6E2988-626B-4285-AB6A-F7787F01B2FF}.Release|Any CPU.Build.0 = Release|Any CPU
		{E24FA21B-5AA7-4D8E-9F2C-49E66ED57BF9}.Debug|Any CPU.ActiveCfg = Debug|Any CPU
		{E24FA21B-5AA7-4D8E-9F2C-49E66ED57BF9}.Debug|Any CPU.Build.0 = Debug|Any CPU
		{E24FA21B-5AA7-4D8E-9F2C-49E66ED57BF9}.Release|Any CPU.ActiveCfg = Release|Any CPU
		{E24FA21B-5AA7-4D8E-9F2C-49E66ED57BF9}.Release|Any CPU.Build.0 = Release|Any CPU
		{C8C313C2-D621-4336-AD84-BD9FC66F7616}.Debug|Any CPU.ActiveCfg = Debug|Any CPU
		{C8C313C2-D621-4336-AD84-BD9FC66F7616}.Debug|Any CPU.Build.0 = Debug|Any CPU
		{C8C313C2-D621-4336-AD84-BD9FC66F7616}.Release|Any CPU.ActiveCfg = Release|Any CPU
		{C8C313C2-D621-4336-AD84-BD9FC66F7616}.Release|Any CPU.Build.0 = Release|Any CPU
	EndGlobalSection
	GlobalSection(SolutionProperties) = preSolution
		HideSolutionNode = FALSE
	EndGlobalSection
	GlobalSection(ExtensibilityGlobals) = postSolution
		SolutionGuid = {6D8981AF-02F0-4E21-9155-BB1ED32CDBFD}
	EndGlobalSection
EndGlobal
